
Microsoft Visual Studio Solution File, Format Version 12.00
# Visual Studio 15
VisualStudioVersion = 15.0.26730.12
MinimumVisualStudioVersion = 10.0.40219.1
Project("{2150E333-8FDC-42A3-9474-1A3956D46DE8}") = "Solution Items", "Solution Items", "{5CD78C25-100E-41EA-BCA5-698FAEBCAC31}"
	ProjectSection(SolutionItems) = preProject
		.gitignore = .gitignore
		global.json = global.json
		LICENSE = LICENSE
		README.md = README.md
	EndProjectSection
EndProject
Project("{2150E333-8FDC-42A3-9474-1A3956D46DE8}") = "Hosts", "Hosts", "{0E593F42-52D6-444D-ABBA-445A3AB2ACDF}"
EndProject
Project("{2150E333-8FDC-42A3-9474-1A3956D46DE8}") = "Modules", "Modules", "{035F4A54-ADE7-4E35-AA21-B8E3F2D75633}"
EndProject
Project("{2150E333-8FDC-42A3-9474-1A3956D46DE8}") = "Framework", "Framework", "{1903C026-0F76-4E03-B8ED-C0AF0FB71886}"
EndProject
Project("{9A19103F-16F7-4668-BE54-9A1E7A4F7556}") = "BlogCore.Core", "src\Framework\BlogCore.Core\BlogCore.Core.csproj", "{A8C887F1-8A2F-48AE-8C9D-BEF3FA73BD57}"
EndProject
Project("{9A19103F-16F7-4668-BE54-9A1E7A4F7556}") = "BlogCore.Infrastructure", "src\Framework\BlogCore.Infrastructure\BlogCore.Infrastructure.csproj", "{67FF91DD-3F0E-4099-B28C-7EEFD19C797B}"
EndProject
Project("{9A19103F-16F7-4668-BE54-9A1E7A4F7556}") = "BlogCore.Infrastructure.AspNetCore", "src\Framework\BlogCore.Infrastructure.AspNetCore\BlogCore.Infrastructure.AspNetCore.csproj", "{BDE04ABF-F40C-4DC8-9F7A-8EDAAE32B133}"
EndProject
Project("{9A19103F-16F7-4668-BE54-9A1E7A4F7556}") = "BlogCore.Infrastructure.EfCore", "src\Framework\BlogCore.Infrastructure.EfCore\BlogCore.Infrastructure.EfCore.csproj", "{F50F5B9A-1D0F-47B6-B81B-15FD9245F721}"
EndProject
Project("{9A19103F-16F7-4668-BE54-9A1E7A4F7556}") = "BlogCore.Api", "src\Hosts\BlogCore.Api\BlogCore.Api.csproj", "{AD2EA508-492D-4345-9ECC-388B23F268A9}"
EndProject
Project("{9A19103F-16F7-4668-BE54-9A1E7A4F7556}") = "BlogCore.IdentityServer", "src\Hosts\BlogCore.IdentityServer\BlogCore.IdentityServer.csproj", "{69897539-BE45-4F1A-AA55-B60CFB5C03A1}"
EndProject
Project("{2150E333-8FDC-42A3-9474-1A3956D46DE8}") = "Builds", "Builds", "{A36BE10F-48B4-4398-8464-489C97C41641}"
	ProjectSection(SolutionItems) = preProject
		builds\start.ps1 = builds\start.ps1
		builds\start_access_control_host.ps1 = builds\start_access_control_host.ps1
		builds\start_api_gateway_host.ps1 = builds\start_api_gateway_host.ps1
		builds\start_web.ps1 = builds\start_web.ps1
	EndProjectSection
EndProject
Project("{9A19103F-16F7-4668-BE54-9A1E7A4F7556}") = "BlogCore.BlogContext", "src\Modules\BlogCore.BlogContext\BlogCore.BlogContext.csproj", "{9CE01346-17C2-473C-A88C-F4EECA1BB702}"
EndProject
Project("{9A19103F-16F7-4668-BE54-9A1E7A4F7556}") = "BlogCore.BlogContext.Migrator", "src\Modules\BlogCore.BlogContext.Migrator\BlogCore.BlogContext.Migrator.csproj", "{7BF278A4-C660-421E-8389-3E97C6B36861}"
EndProject
Project("{9A19103F-16F7-4668-BE54-9A1E7A4F7556}") = "BlogCore.AccessControlContext", "src\Modules\BlogCore.AccessControlContext\BlogCore.AccessControlContext.csproj", "{72BA5D89-9825-4740-ABFC-309EEA887B41}"
EndProject
Project("{9A19103F-16F7-4668-BE54-9A1E7A4F7556}") = "BlogCore.Shared", "src\Modules\BlogCore.Shared\BlogCore.Shared.csproj", "{2E3FE337-82FA-4D2E-A614-F401F05A5AD4}"
EndProject
Project("{9A19103F-16F7-4668-BE54-9A1E7A4F7556}") = "BlogCore.AccessControlContext.Migrator", "src\Modules\BlogCore.AccessControlContext.Migrator\BlogCore.AccessControlContext.Migrator.csproj", "{A9A1F1E4-28F7-43F2-B186-F953717F40BE}"
EndProject
Project("{9A19103F-16F7-4668-BE54-9A1E7A4F7556}") = "BlogCore.PostContext", "src\Modules\BlogCore.PostContext\BlogCore.PostContext.csproj", "{1DA02980-0B63-4DC1-BC1E-5D46143463FC}"
EndProject
Project("{9A19103F-16F7-4668-BE54-9A1E7A4F7556}") = "BlogCore.PostContext.Migrator", "src\Modules\BlogCore.PostContext.Migrator\BlogCore.PostContext.Migrator.csproj", "{AFB17FB6-5A0B-4CB6-ACA9-E3EF10833335}"
EndProject
Global
	GlobalSection(SolutionConfigurationPlatforms) = preSolution
		Debug|Any CPU = Debug|Any CPU
		Release|Any CPU = Release|Any CPU
	EndGlobalSection
	GlobalSection(ProjectConfigurationPlatforms) = postSolution
		{A8C887F1-8A2F-48AE-8C9D-BEF3FA73BD57}.Debug|Any CPU.ActiveCfg = Debug|Any CPU
		{A8C887F1-8A2F-48AE-8C9D-BEF3FA73BD57}.Debug|Any CPU.Build.0 = Debug|Any CPU
		{A8C887F1-8A2F-48AE-8C9D-BEF3FA73BD57}.Release|Any CPU.ActiveCfg = Release|Any CPU
		{A8C887F1-8A2F-48AE-8C9D-BEF3FA73BD57}.Release|Any CPU.Build.0 = Release|Any CPU
		{67FF91DD-3F0E-4099-B28C-7EEFD19C797B}.Debug|Any CPU.ActiveCfg = Debug|Any CPU
		{67FF91DD-3F0E-4099-B28C-7EEFD19C797B}.Debug|Any CPU.Build.0 = Debug|Any CPU
		{67FF91DD-3F0E-4099-B28C-7EEFD19C797B}.Release|Any CPU.ActiveCfg = Release|Any CPU
		{67FF91DD-3F0E-4099-B28C-7EEFD19C797B}.Release|Any CPU.Build.0 = Release|Any CPU
		{BDE04ABF-F40C-4DC8-9F7A-8EDAAE32B133}.Debug|Any CPU.ActiveCfg = Debug|Any CPU
		{BDE04ABF-F40C-4DC8-9F7A-8EDAAE32B133}.Debug|Any CPU.Build.0 = Debug|Any CPU
		{BDE04ABF-F40C-4DC8-9F7A-8EDAAE32B133}.Release|Any CPU.ActiveCfg = Release|Any CPU
		{BDE04ABF-F40C-4DC8-9F7A-8EDAAE32B133}.Release|Any CPU.Build.0 = Release|Any CPU
		{F50F5B9A-1D0F-47B6-B81B-15FD9245F721}.Debug|Any CPU.ActiveCfg = Debug|Any CPU
		{F50F5B9A-1D0F-47B6-B81B-15FD9245F721}.Debug|Any CPU.Build.0 = Debug|Any CPU
		{F50F5B9A-1D0F-47B6-B81B-15FD9245F721}.Release|Any CPU.ActiveCfg = Release|Any CPU
		{F50F5B9A-1D0F-47B6-B81B-15FD9245F721}.Release|Any CPU.Build.0 = Release|Any CPU
		{AD2EA508-492D-4345-9ECC-388B23F268A9}.Debug|Any CPU.ActiveCfg = Debug|Any CPU
		{AD2EA508-492D-4345-9ECC-388B23F268A9}.Debug|Any CPU.Build.0 = Debug|Any CPU
		{AD2EA508-492D-4345-9ECC-388B23F268A9}.Release|Any CPU.ActiveCfg = Release|Any CPU
		{AD2EA508-492D-4345-9ECC-388B23F268A9}.Release|Any CPU.Build.0 = Release|Any CPU
		{69897539-BE45-4F1A-AA55-B60CFB5C03A1}.Debug|Any CPU.ActiveCfg = Debug|Any CPU
		{69897539-BE45-4F1A-AA55-B60CFB5C03A1}.Debug|Any CPU.Build.0 = Debug|Any CPU
		{69897539-BE45-4F1A-AA55-B60CFB5C03A1}.Release|Any CPU.ActiveCfg = Release|Any CPU
		{69897539-BE45-4F1A-AA55-B60CFB5C03A1}.Release|Any CPU.Build.0 = Release|Any CPU
		{9CE01346-17C2-473C-A88C-F4EECA1BB702}.Debug|Any CPU.ActiveCfg = Debug|Any CPU
		{9CE01346-17C2-473C-A88C-F4EECA1BB702}.Debug|Any CPU.Build.0 = Debug|Any CPU
		{9CE01346-17C2-473C-A88C-F4EECA1BB702}.Release|Any CPU.ActiveCfg = Release|Any CPU
		{9CE01346-17C2-473C-A88C-F4EECA1BB702}.Release|Any CPU.Build.0 = Release|Any CPU
		{7BF278A4-C660-421E-8389-3E97C6B36861}.Debug|Any CPU.ActiveCfg = Debug|Any CPU
		{7BF278A4-C660-421E-8389-3E97C6B36861}.Debug|Any CPU.Build.0 = Debug|Any CPU
		{7BF278A4-C660-421E-8389-3E97C6B36861}.Release|Any CPU.ActiveCfg = Release|Any CPU
		{7BF278A4-C660-421E-8389-3E97C6B36861}.Release|Any CPU.Build.0 = Release|Any CPU
		{72BA5D89-9825-4740-ABFC-309EEA887B41}.Debug|Any CPU.ActiveCfg = Debug|Any CPU
		{72BA5D89-9825-4740-ABFC-309EEA887B41}.Debug|Any CPU.Build.0 = Debug|Any CPU
		{72BA5D89-9825-4740-ABFC-309EEA887B41}.Release|Any CPU.ActiveCfg = Release|Any CPU
		{72BA5D89-9825-4740-ABFC-309EEA887B41}.Release|Any CPU.Build.0 = Release|Any CPU
		{2E3FE337-82FA-4D2E-A614-F401F05A5AD4}.Debug|Any CPU.ActiveCfg = Debug|Any CPU
		{2E3FE337-82FA-4D2E-A614-F401F05A5AD4}.Debug|Any CPU.Build.0 = Debug|Any CPU
		{2E3FE337-82FA-4D2E-A614-F401F05A5AD4}.Release|Any CPU.ActiveCfg = Release|Any CPU
		{2E3FE337-82FA-4D2E-A614-F401F05A5AD4}.Release|Any CPU.Build.0 = Release|Any CPU
		{A9A1F1E4-28F7-43F2-B186-F953717F40BE}.Debug|Any CPU.ActiveCfg = Debug|Any CPU
		{A9A1F1E4-28F7-43F2-B186-F953717F40BE}.Debug|Any CPU.Build.0 = Debug|Any CPU
		{A9A1F1E4-28F7-43F2-B186-F953717F40BE}.Release|Any CPU.ActiveCfg = Release|Any CPU
		{A9A1F1E4-28F7-43F2-B186-F953717F40BE}.Release|Any CPU.Build.0 = Release|Any CPU
		{1DA02980-0B63-4DC1-BC1E-5D46143463FC}.Debug|Any CPU.ActiveCfg = Debug|Any CPU
		{1DA02980-0B63-4DC1-BC1E-5D46143463FC}.Debug|Any CPU.Build.0 = Debug|Any CPU
		{1DA02980-0B63-4DC1-BC1E-5D46143463FC}.Release|Any CPU.ActiveCfg = Release|Any CPU
		{1DA02980-0B63-4DC1-BC1E-5D46143463FC}.Release|Any CPU.Build.0 = Release|Any CPU
		{AFB17FB6-5A0B-4CB6-ACA9-E3EF10833335}.Debug|Any CPU.ActiveCfg = Debug|Any CPU
		{AFB17FB6-5A0B-4CB6-ACA9-E3EF10833335}.Debug|Any CPU.Build.0 = Debug|Any CPU
		{AFB17FB6-5A0B-4CB6-ACA9-E3EF10833335}.Release|Any CPU.ActiveCfg = Release|Any CPU
		{AFB17FB6-5A0B-4CB6-ACA9-E3EF10833335}.Release|Any CPU.Build.0 = Release|Any CPU
	EndGlobalSection
	GlobalSection(SolutionProperties) = preSolution
		HideSolutionNode = FALSE
	EndGlobalSection
	GlobalSection(NestedProjects) = preSolution
		{A8C887F1-8A2F-48AE-8C9D-BEF3FA73BD57} = {1903C026-0F76-4E03-B8ED-C0AF0FB71886}
		{67FF91DD-3F0E-4099-B28C-7EEFD19C797B} = {1903C026-0F76-4E03-B8ED-C0AF0FB71886}
		{BDE04ABF-F40C-4DC8-9F7A-8EDAAE32B133} = {1903C026-0F76-4E03-B8ED-C0AF0FB71886}
		{F50F5B9A-1D0F-47B6-B81B-15FD9245F721} = {1903C026-0F76-4E03-B8ED-C0AF0FB71886}
		{AD2EA508-492D-4345-9ECC-388B23F268A9} = {0E593F42-52D6-444D-ABBA-445A3AB2ACDF}
		{69897539-BE45-4F1A-AA55-B60CFB5C03A1} = {0E593F42-52D6-444D-ABBA-445A3AB2ACDF}
		{9CE01346-17C2-473C-A88C-F4EECA1BB702} = {035F4A54-ADE7-4E35-AA21-B8E3F2D75633}
		{7BF278A4-C660-421E-8389-3E97C6B36861} = {035F4A54-ADE7-4E35-AA21-B8E3F2D75633}
		{72BA5D89-9825-4740-ABFC-309EEA887B41} = {035F4A54-ADE7-4E35-AA21-B8E3F2D75633}
		{2E3FE337-82FA-4D2E-A614-F401F05A5AD4} = {035F4A54-ADE7-4E35-AA21-B8E3F2D75633}
		{A9A1F1E4-28F7-43F2-B186-F953717F40BE} = {035F4A54-ADE7-4E35-AA21-B8E3F2D75633}
		{1DA02980-0B63-4DC1-BC1E-5D46143463FC} = {035F4A54-ADE7-4E35-AA21-B8E3F2D75633}
		{AFB17FB6-5A0B-4CB6-ACA9-E3EF10833335} = {035F4A54-ADE7-4E35-AA21-B8E3F2D75633}
	EndGlobalSection
	GlobalSection(ExtensibilityGlobals) = postSolution
		SolutionGuid = {E58AA11F-C019-4C7A-93A4-90A50837B764}
	EndGlobalSection
EndGlobal
