
Microsoft Visual Studio Solution File, Format Version 12.00
# Visual Studio 15
VisualStudioVersion = 15.0.26430.16
MinimumVisualStudioVersion = 10.0.40219.1
Project("{2150E333-8FDC-42A3-9474-1A3956D46DE8}") = "Solution Items", "Solution Items", "{5CD78C25-100E-41EA-BCA5-698FAEBCAC31}"
	ProjectSection(SolutionItems) = preProject
		.gitignore = .gitignore
		LICENSE = LICENSE
		README.md = README.md
	EndProjectSection
EndProject
Project("{2150E333-8FDC-42A3-9474-1A3956D46DE8}") = "Hosts", "Hosts", "{0E593F42-52D6-444D-ABBA-445A3AB2ACDF}"
EndProject
Project("{2150E333-8FDC-42A3-9474-1A3956D46DE8}") = "Modules", "Modules", "{035F4A54-ADE7-4E35-AA21-B8E3F2D75633}"
EndProject
Project("{2150E333-8FDC-42A3-9474-1A3956D46DE8}") = "BlogContext", "BlogContext", "{DF0C3691-A4F0-401F-A752-FE5E189D93D1}"
EndProject
Project("{2150E333-8FDC-42A3-9474-1A3956D46DE8}") = "AccessControlContext", "AccessControlContext", "{7D558667-20EA-4AE5-815F-B8D0FA2A57CD}"
EndProject
Project("{2150E333-8FDC-42A3-9474-1A3956D46DE8}") = "PostContext", "PostContext", "{AEBE2AA3-7860-48DD-8143-B9BF6CC67E9F}"
EndProject
Project("{2150E333-8FDC-42A3-9474-1A3956D46DE8}") = "TagContext", "TagContext", "{B0359313-26C7-4108-9056-612D047CAE9E}"
EndProject
Project("{9A19103F-16F7-4668-BE54-9A1E7A4F7556}") = "BlogCore.Blog.Domain", "src\Modules\BlogContext\BlogCore.Blog.Domain\BlogCore.Blog.Domain.csproj", "{B97B7EEB-2BC8-44C9-AF53-1D167D960749}"
EndProject
Project("{9A19103F-16F7-4668-BE54-9A1E7A4F7556}") = "BlogCore.Blog.Infrastructure", "src\Modules\BlogContext\BlogCore.Blog.Infrastructure\BlogCore.Blog.Infrastructure.csproj", "{2570D233-0246-444F-854F-701338940E09}"
EndProject
Project("{9A19103F-16F7-4668-BE54-9A1E7A4F7556}") = "BlogCore.Blog.Migrator", "src\Modules\BlogContext\BlogCore.Blog.Migrator\BlogCore.Blog.Migrator.csproj", "{760BA0B6-F370-48B3-B247-C80E855E4A31}"
EndProject
Project("{9A19103F-16F7-4668-BE54-9A1E7A4F7556}") = "BlogCore.AccessControl.Domain", "src\Modules\AccessControlContext\BlogCore.AccessControl.Domain\BlogCore.AccessControl.Domain.csproj", "{BFF126EE-967C-442A-871C-40757BA3B543}"
EndProject
Project("{9A19103F-16F7-4668-BE54-9A1E7A4F7556}") = "BlogCore.AccessControl.Infrastructure", "src\Modules\AccessControlContext\BlogCore.AccessControl.Infrastructure\BlogCore.AccessControl.Infrastructure.csproj", "{8B376611-9CA5-41F8-A79D-2F430C40C00B}"
EndProject
Project("{9A19103F-16F7-4668-BE54-9A1E7A4F7556}") = "BlogCore.AccessControl.Migrator", "src\Modules\AccessControlContext\BlogCore.AccessControl.Migrator\BlogCore.AccessControl.Migrator.csproj", "{6AD6AFC0-55EA-4D92-9A2A-2C31BD5298AC}"
EndProject
Project("{9A19103F-16F7-4668-BE54-9A1E7A4F7556}") = "BlogCore.Blog.UseCases", "src\Modules\BlogContext\BlogCore.Blog.UseCases\BlogCore.Blog.UseCases.csproj", "{21F0F3AE-0E34-4419-A32A-01C564B0624C}"
EndProject
Project("{2150E333-8FDC-42A3-9474-1A3956D46DE8}") = "Framework", "Framework", "{1903C026-0F76-4E03-B8ED-C0AF0FB71886}"
EndProject
Project("{9A19103F-16F7-4668-BE54-9A1E7A4F7556}") = "BlogCore.Core", "src\Framework\BlogCore.Core\BlogCore.Core.csproj", "{A8C887F1-8A2F-48AE-8C9D-BEF3FA73BD57}"
EndProject
Project("{9A19103F-16F7-4668-BE54-9A1E7A4F7556}") = "BlogCore.Infrastructure", "src\Framework\BlogCore.Infrastructure\BlogCore.Infrastructure.csproj", "{67FF91DD-3F0E-4099-B28C-7EEFD19C797B}"
EndProject
Project("{9A19103F-16F7-4668-BE54-9A1E7A4F7556}") = "BlogCore.Infrastructure.AspNetCore", "src\Framework\BlogCore.Infrastructure.AspNetCore\BlogCore.Infrastructure.AspNetCore.csproj", "{BDE04ABF-F40C-4DC8-9F7A-8EDAAE32B133}"
EndProject
Project("{9A19103F-16F7-4668-BE54-9A1E7A4F7556}") = "BlogCore.Infrastructure.EfCore", "src\Framework\BlogCore.Infrastructure.EfCore\BlogCore.Infrastructure.EfCore.csproj", "{F50F5B9A-1D0F-47B6-B81B-15FD9245F721}"
EndProject
Project("{9A19103F-16F7-4668-BE54-9A1E7A4F7556}") = "BlogCore.Api", "src\Hosts\BlogCore.Api\BlogCore.Api.csproj", "{AD2EA508-492D-4345-9ECC-388B23F268A9}"
EndProject
Project("{9A19103F-16F7-4668-BE54-9A1E7A4F7556}") = "BlogCore.IdentityServer", "src\Hosts\BlogCore.IdentityServer\BlogCore.IdentityServer.csproj", "{69897539-BE45-4F1A-AA55-B60CFB5C03A1}"
EndProject
Project("{2150E333-8FDC-42A3-9474-1A3956D46DE8}") = "Builds", "Builds", "{A36BE10F-48B4-4398-8464-489C97C41641}"
	ProjectSection(SolutionItems) = preProject
		builds\start.ps1 = builds\start.ps1
		builds\start_access_control_host.ps1 = builds\start_access_control_host.ps1
		builds\start_api_gateway_host.ps1 = builds\start_api_gateway_host.ps1
		builds\start_web.ps1 = builds\start_web.ps1
	EndProjectSection
EndProject
Project("{9A19103F-16F7-4668-BE54-9A1E7A4F7556}") = "BlogCore.Post.Domain", "src\Modules\PostContext\BlogCore.Post.Domain\BlogCore.Post.Domain.csproj", "{C5CE95AC-04CC-4E60-84EC-C818CAADAE7E}"
EndProject
Project("{9A19103F-16F7-4668-BE54-9A1E7A4F7556}") = "BlogCore.Post.Infrastructure", "src\Modules\PostContext\BlogCore.Post.Infrastructure\BlogCore.Post.Infrastructure.csproj", "{4E7220BE-A94F-45FC-BF77-83F77047FE61}"
EndProject
Project("{9A19103F-16F7-4668-BE54-9A1E7A4F7556}") = "BlogCore.Post.UseCases", "src\Modules\PostContext\BlogCore.Post.UseCases\BlogCore.Post.UseCases.csproj", "{112B79C8-8F3F-468E-BD08-0AE7F306323B}"
EndProject
Project("{9A19103F-16F7-4668-BE54-9A1E7A4F7556}") = "BlogCore.Post.Migrator", "src\Modules\PostContext\BlogCore.Post.Migrator\BlogCore.Post.Migrator.csproj", "{0523F658-7C91-48F3-AF94-2071C0AC3A1A}"
EndProject
Project("{9A19103F-16F7-4668-BE54-9A1E7A4F7556}") = "BlogCore.AccessControl.UseCases", "src\Modules\AccessControlContext\BlogCore.AccessControl.UseCases\BlogCore.AccessControl.UseCases.csproj", "{2EDC06A4-6289-4530-854F-BD31BABCF35D}"
EndProject
Global
	GlobalSection(SolutionConfigurationPlatforms) = preSolution
		Debug|Any CPU = Debug|Any CPU
		Release|Any CPU = Release|Any CPU
	EndGlobalSection
	GlobalSection(ProjectConfigurationPlatforms) = postSolution
		{B97B7EEB-2BC8-44C9-AF53-1D167D960749}.Debug|Any CPU.ActiveCfg = Debug|Any CPU
		{B97B7EEB-2BC8-44C9-AF53-1D167D960749}.Debug|Any CPU.Build.0 = Debug|Any CPU
		{B97B7EEB-2BC8-44C9-AF53-1D167D960749}.Release|Any CPU.ActiveCfg = Release|Any CPU
		{B97B7EEB-2BC8-44C9-AF53-1D167D960749}.Release|Any CPU.Build.0 = Release|Any CPU
		{2570D233-0246-444F-854F-701338940E09}.Debug|Any CPU.ActiveCfg = Debug|Any CPU
		{2570D233-0246-444F-854F-701338940E09}.Debug|Any CPU.Build.0 = Debug|Any CPU
		{2570D233-0246-444F-854F-701338940E09}.Release|Any CPU.ActiveCfg = Release|Any CPU
		{2570D233-0246-444F-854F-701338940E09}.Release|Any CPU.Build.0 = Release|Any CPU
		{760BA0B6-F370-48B3-B247-C80E855E4A31}.Debug|Any CPU.ActiveCfg = Debug|Any CPU
		{760BA0B6-F370-48B3-B247-C80E855E4A31}.Debug|Any CPU.Build.0 = Debug|Any CPU
		{760BA0B6-F370-48B3-B247-C80E855E4A31}.Release|Any CPU.ActiveCfg = Release|Any CPU
		{760BA0B6-F370-48B3-B247-C80E855E4A31}.Release|Any CPU.Build.0 = Release|Any CPU
		{BFF126EE-967C-442A-871C-40757BA3B543}.Debug|Any CPU.ActiveCfg = Debug|Any CPU
		{BFF126EE-967C-442A-871C-40757BA3B543}.Debug|Any CPU.Build.0 = Debug|Any CPU
		{BFF126EE-967C-442A-871C-40757BA3B543}.Release|Any CPU.ActiveCfg = Release|Any CPU
		{BFF126EE-967C-442A-871C-40757BA3B543}.Release|Any CPU.Build.0 = Release|Any CPU
		{8B376611-9CA5-41F8-A79D-2F430C40C00B}.Debug|Any CPU.ActiveCfg = Debug|Any CPU
		{8B376611-9CA5-41F8-A79D-2F430C40C00B}.Debug|Any CPU.Build.0 = Debug|Any CPU
		{8B376611-9CA5-41F8-A79D-2F430C40C00B}.Release|Any CPU.ActiveCfg = Release|Any CPU
		{8B376611-9CA5-41F8-A79D-2F430C40C00B}.Release|Any CPU.Build.0 = Release|Any CPU
		{6AD6AFC0-55EA-4D92-9A2A-2C31BD5298AC}.Debug|Any CPU.ActiveCfg = Debug|Any CPU
		{6AD6AFC0-55EA-4D92-9A2A-2C31BD5298AC}.Debug|Any CPU.Build.0 = Debug|Any CPU
		{6AD6AFC0-55EA-4D92-9A2A-2C31BD5298AC}.Release|Any CPU.ActiveCfg = Release|Any CPU
		{6AD6AFC0-55EA-4D92-9A2A-2C31BD5298AC}.Release|Any CPU.Build.0 = Release|Any CPU
		{21F0F3AE-0E34-4419-A32A-01C564B0624C}.Debug|Any CPU.ActiveCfg = Debug|Any CPU
		{21F0F3AE-0E34-4419-A32A-01C564B0624C}.Debug|Any CPU.Build.0 = Debug|Any CPU
		{21F0F3AE-0E34-4419-A32A-01C564B0624C}.Release|Any CPU.ActiveCfg = Release|Any CPU
		{21F0F3AE-0E34-4419-A32A-01C564B0624C}.Release|Any CPU.Build.0 = Release|Any CPU
		{A8C887F1-8A2F-48AE-8C9D-BEF3FA73BD57}.Debug|Any CPU.ActiveCfg = Debug|Any CPU
		{A8C887F1-8A2F-48AE-8C9D-BEF3FA73BD57}.Debug|Any CPU.Build.0 = Debug|Any CPU
		{A8C887F1-8A2F-48AE-8C9D-BEF3FA73BD57}.Release|Any CPU.ActiveCfg = Release|Any CPU
		{A8C887F1-8A2F-48AE-8C9D-BEF3FA73BD57}.Release|Any CPU.Build.0 = Release|Any CPU
		{67FF91DD-3F0E-4099-B28C-7EEFD19C797B}.Debug|Any CPU.ActiveCfg = Debug|Any CPU
		{67FF91DD-3F0E-4099-B28C-7EEFD19C797B}.Debug|Any CPU.Build.0 = Debug|Any CPU
		{67FF91DD-3F0E-4099-B28C-7EEFD19C797B}.Release|Any CPU.ActiveCfg = Release|Any CPU
		{67FF91DD-3F0E-4099-B28C-7EEFD19C797B}.Release|Any CPU.Build.0 = Release|Any CPU
		{BDE04ABF-F40C-4DC8-9F7A-8EDAAE32B133}.Debug|Any CPU.ActiveCfg = Debug|Any CPU
		{BDE04ABF-F40C-4DC8-9F7A-8EDAAE32B133}.Debug|Any CPU.Build.0 = Debug|Any CPU
		{BDE04ABF-F40C-4DC8-9F7A-8EDAAE32B133}.Release|Any CPU.ActiveCfg = Release|Any CPU
		{BDE04ABF-F40C-4DC8-9F7A-8EDAAE32B133}.Release|Any CPU.Build.0 = Release|Any CPU
		{F50F5B9A-1D0F-47B6-B81B-15FD9245F721}.Debug|Any CPU.ActiveCfg = Debug|Any CPU
		{F50F5B9A-1D0F-47B6-B81B-15FD9245F721}.Debug|Any CPU.Build.0 = Debug|Any CPU
		{F50F5B9A-1D0F-47B6-B81B-15FD9245F721}.Release|Any CPU.ActiveCfg = Release|Any CPU
		{F50F5B9A-1D0F-47B6-B81B-15FD9245F721}.Release|Any CPU.Build.0 = Release|Any CPU
		{AD2EA508-492D-4345-9ECC-388B23F268A9}.Debug|Any CPU.ActiveCfg = Debug|Any CPU
		{AD2EA508-492D-4345-9ECC-388B23F268A9}.Debug|Any CPU.Build.0 = Debug|Any CPU
		{AD2EA508-492D-4345-9ECC-388B23F268A9}.Release|Any CPU.ActiveCfg = Release|Any CPU
		{AD2EA508-492D-4345-9ECC-388B23F268A9}.Release|Any CPU.Build.0 = Release|Any CPU
		{69897539-BE45-4F1A-AA55-B60CFB5C03A1}.Debug|Any CPU.ActiveCfg = Debug|Any CPU
		{69897539-BE45-4F1A-AA55-B60CFB5C03A1}.Debug|Any CPU.Build.0 = Debug|Any CPU
		{69897539-BE45-4F1A-AA55-B60CFB5C03A1}.Release|Any CPU.ActiveCfg = Release|Any CPU
		{69897539-BE45-4F1A-AA55-B60CFB5C03A1}.Release|Any CPU.Build.0 = Release|Any CPU
		{C5CE95AC-04CC-4E60-84EC-C818CAADAE7E}.Debug|Any CPU.ActiveCfg = Debug|Any CPU
		{C5CE95AC-04CC-4E60-84EC-C818CAADAE7E}.Debug|Any CPU.Build.0 = Debug|Any CPU
		{C5CE95AC-04CC-4E60-84EC-C818CAADAE7E}.Release|Any CPU.ActiveCfg = Release|Any CPU
		{C5CE95AC-04CC-4E60-84EC-C818CAADAE7E}.Release|Any CPU.Build.0 = Release|Any CPU
		{4E7220BE-A94F-45FC-BF77-83F77047FE61}.Debug|Any CPU.ActiveCfg = Debug|Any CPU
		{4E7220BE-A94F-45FC-BF77-83F77047FE61}.Debug|Any CPU.Build.0 = Debug|Any CPU
		{4E7220BE-A94F-45FC-BF77-83F77047FE61}.Release|Any CPU.ActiveCfg = Release|Any CPU
		{4E7220BE-A94F-45FC-BF77-83F77047FE61}.Release|Any CPU.Build.0 = Release|Any CPU
		{112B79C8-8F3F-468E-BD08-0AE7F306323B}.Debug|Any CPU.ActiveCfg = Debug|Any CPU
		{112B79C8-8F3F-468E-BD08-0AE7F306323B}.Debug|Any CPU.Build.0 = Debug|Any CPU
		{112B79C8-8F3F-468E-BD08-0AE7F306323B}.Release|Any CPU.ActiveCfg = Release|Any CPU
		{112B79C8-8F3F-468E-BD08-0AE7F306323B}.Release|Any CPU.Build.0 = Release|Any CPU
		{0523F658-7C91-48F3-AF94-2071C0AC3A1A}.Debug|Any CPU.ActiveCfg = Debug|Any CPU
		{0523F658-7C91-48F3-AF94-2071C0AC3A1A}.Debug|Any CPU.Build.0 = Debug|Any CPU
		{0523F658-7C91-48F3-AF94-2071C0AC3A1A}.Release|Any CPU.ActiveCfg = Release|Any CPU
		{0523F658-7C91-48F3-AF94-2071C0AC3A1A}.Release|Any CPU.Build.0 = Release|Any CPU
		{2EDC06A4-6289-4530-854F-BD31BABCF35D}.Debug|Any CPU.ActiveCfg = Debug|Any CPU
		{2EDC06A4-6289-4530-854F-BD31BABCF35D}.Debug|Any CPU.Build.0 = Debug|Any CPU
		{2EDC06A4-6289-4530-854F-BD31BABCF35D}.Release|Any CPU.ActiveCfg = Release|Any CPU
		{2EDC06A4-6289-4530-854F-BD31BABCF35D}.Release|Any CPU.Build.0 = Release|Any CPU
	EndGlobalSection
	GlobalSection(SolutionProperties) = preSolution
		HideSolutionNode = FALSE
	EndGlobalSection
	GlobalSection(NestedProjects) = preSolution
		{DF0C3691-A4F0-401F-A752-FE5E189D93D1} = {035F4A54-ADE7-4E35-AA21-B8E3F2D75633}
		{7D558667-20EA-4AE5-815F-B8D0FA2A57CD} = {035F4A54-ADE7-4E35-AA21-B8E3F2D75633}
		{AEBE2AA3-7860-48DD-8143-B9BF6CC67E9F} = {035F4A54-ADE7-4E35-AA21-B8E3F2D75633}
		{B0359313-26C7-4108-9056-612D047CAE9E} = {035F4A54-ADE7-4E35-AA21-B8E3F2D75633}
		{B97B7EEB-2BC8-44C9-AF53-1D167D960749} = {DF0C3691-A4F0-401F-A752-FE5E189D93D1}
		{2570D233-0246-444F-854F-701338940E09} = {DF0C3691-A4F0-401F-A752-FE5E189D93D1}
		{760BA0B6-F370-48B3-B247-C80E855E4A31} = {DF0C3691-A4F0-401F-A752-FE5E189D93D1}
		{BFF126EE-967C-442A-871C-40757BA3B543} = {7D558667-20EA-4AE5-815F-B8D0FA2A57CD}
		{8B376611-9CA5-41F8-A79D-2F430C40C00B} = {7D558667-20EA-4AE5-815F-B8D0FA2A57CD}
		{6AD6AFC0-55EA-4D92-9A2A-2C31BD5298AC} = {7D558667-20EA-4AE5-815F-B8D0FA2A57CD}
		{21F0F3AE-0E34-4419-A32A-01C564B0624C} = {DF0C3691-A4F0-401F-A752-FE5E189D93D1}
		{A8C887F1-8A2F-48AE-8C9D-BEF3FA73BD57} = {1903C026-0F76-4E03-B8ED-C0AF0FB71886}
		{67FF91DD-3F0E-4099-B28C-7EEFD19C797B} = {1903C026-0F76-4E03-B8ED-C0AF0FB71886}
		{BDE04ABF-F40C-4DC8-9F7A-8EDAAE32B133} = {1903C026-0F76-4E03-B8ED-C0AF0FB71886}
		{F50F5B9A-1D0F-47B6-B81B-15FD9245F721} = {1903C026-0F76-4E03-B8ED-C0AF0FB71886}
		{AD2EA508-492D-4345-9ECC-388B23F268A9} = {0E593F42-52D6-444D-ABBA-445A3AB2ACDF}
		{69897539-BE45-4F1A-AA55-B60CFB5C03A1} = {0E593F42-52D6-444D-ABBA-445A3AB2ACDF}
		{C5CE95AC-04CC-4E60-84EC-C818CAADAE7E} = {AEBE2AA3-7860-48DD-8143-B9BF6CC67E9F}
		{4E7220BE-A94F-45FC-BF77-83F77047FE61} = {AEBE2AA3-7860-48DD-8143-B9BF6CC67E9F}
		{112B79C8-8F3F-468E-BD08-0AE7F306323B} = {AEBE2AA3-7860-48DD-8143-B9BF6CC67E9F}
		{0523F658-7C91-48F3-AF94-2071C0AC3A1A} = {AEBE2AA3-7860-48DD-8143-B9BF6CC67E9F}
		{2EDC06A4-6289-4530-854F-BD31BABCF35D} = {7D558667-20EA-4AE5-815F-B8D0FA2A57CD}
	EndGlobalSection
EndGlobal
