
Microsoft Visual Studio Solution File, Format Version 12.00
# Visual Studio Version 16
VisualStudioVersion = 16.0.28917.182
MinimumVisualStudioVersion = 10.0.40219.1
Project("{2150E333-8FDC-42A3-9474-1A3956D46DE8}") = "Modules", "Modules", "{CA6EEB0C-66AF-43E5-8FDF-97FD6ECF8F5D}"
EndProject
Project("{2150E333-8FDC-42A3-9474-1A3956D46DE8}") = "Solution Items", "Solution Items", "{696924EE-FEC5-443B-9AE9-DC3E8EBB0F0A}"
	ProjectSection(SolutionItems) = preProject
		.dockerignore = .dockerignore
		.env = .env
		.gitignore = .gitignore
		.gitmodules = .gitmodules
		docker-compose.yml = docker-compose.yml
		global.json = global.json
		LICENSE = LICENSE
		NuGet.config = NuGet.config
		README.md = README.md
	EndProjectSection
EndProject
Project("{2150E333-8FDC-42A3-9474-1A3956D46DE8}") = "__", "__", "{8491E3C7-0ED9-4C8D-8179-EB25E3A2A9B9}"
EndProject
Project("{9A19103F-16F7-4668-BE54-9A1E7A4F7556}") = "BlogCore.Shared", "src\BlogCore.Shared\BlogCore.Shared.csproj", "{631727AA-D6DA-40BC-90C6-DF6E0EE9B18E}"
EndProject
Project("{2150E333-8FDC-42A3-9474-1A3956D46DE8}") = "Hosts", "Hosts", "{D70FC638-62EE-49C8-890E-9BCC5C67780B}"
EndProject
Project("{9A19103F-16F7-4668-BE54-9A1E7A4F7556}") = "BlogCore.Hosts.Web.Client", "src\BlogCore.Hosts.Web.Client\BlogCore.Hosts.Web.Client.csproj", "{4F2D3EC9-A687-46C6-9F37-A848E78D20A0}"
EndProject
Project("{9A19103F-16F7-4668-BE54-9A1E7A4F7556}") = "BlogCore.Hosts.Web.Server", "src\BlogCore.Hosts.Web.Server\BlogCore.Hosts.Web.Server.csproj", "{89D5D263-E802-43E1-A826-0524F979DDC5}"
EndProject
Project("{9A19103F-16F7-4668-BE54-9A1E7A4F7556}") = "BlogCore.Modules.AccessControlContext", "src\BlogCore.Modules.AccessControlContext\BlogCore.Modules.AccessControlContext.csproj", "{C00D297C-B657-4FC9-9137-4A64B4508850}"
EndProject
Project("{9A19103F-16F7-4668-BE54-9A1E7A4F7556}") = "BlogCore.Modules.BlogContext", "src\BlogCore.Modules.BlogContext\BlogCore.Modules.BlogContext.csproj", "{5830F440-F521-4761-8BF0-D148871E0157}"
EndProject
Project("{9A19103F-16F7-4668-BE54-9A1E7A4F7556}") = "BlogCore.Modules.PostContext", "src\BlogCore.Modules.PostContext\BlogCore.Modules.PostContext.csproj", "{0FBD62EF-717B-41DD-BB5F-C8F1B89060E1}"
EndProject
Project("{9A19103F-16F7-4668-BE54-9A1E7A4F7556}") = "BlogCore.Modules.CommonContext", "src\BlogCore.Modules.CommonContext\BlogCore.Modules.CommonContext.csproj", "{B5820080-EC28-4097-B7BA-68AF6B16370B}"
EndProject
Project("{9A19103F-16F7-4668-BE54-9A1E7A4F7556}") = "BlogCore.Hosts.IdentityServer", "src\BlogCore.Hosts.IdentityServer\BlogCore.Hosts.IdentityServer.csproj", "{04466CA7-6AE6-4362-804B-0A0AEB1E0629}"
EndProject
Project("{2150E333-8FDC-42A3-9474-1A3956D46DE8}") = "Tests", "Tests", "{3438F3F8-1870-47BA-95FE-C1E5EB756D46}"
EndProject
Project("{9A19103F-16F7-4668-BE54-9A1E7A4F7556}") = "BlogCore.Hosts.Tests", "src\BlogCore.Hosts.Tests\BlogCore.Hosts.Tests.csproj", "{A6F46F4E-FCE6-49DC-8D1D-6E186CF29019}"
EndProject
Global
	GlobalSection(SolutionConfigurationPlatforms) = preSolution
		Debug|Any CPU = Debug|Any CPU
		Release|Any CPU = Release|Any CPU
	EndGlobalSection
	GlobalSection(ProjectConfigurationPlatforms) = postSolution
		{631727AA-D6DA-40BC-90C6-DF6E0EE9B18E}.Debug|Any CPU.ActiveCfg = Debug|Any CPU
		{631727AA-D6DA-40BC-90C6-DF6E0EE9B18E}.Debug|Any CPU.Build.0 = Debug|Any CPU
		{631727AA-D6DA-40BC-90C6-DF6E0EE9B18E}.Release|Any CPU.ActiveCfg = Release|Any CPU
		{631727AA-D6DA-40BC-90C6-DF6E0EE9B18E}.Release|Any CPU.Build.0 = Release|Any CPU
		{4F2D3EC9-A687-46C6-9F37-A848E78D20A0}.Debug|Any CPU.ActiveCfg = Debug|Any CPU
		{4F2D3EC9-A687-46C6-9F37-A848E78D20A0}.Debug|Any CPU.Build.0 = Debug|Any CPU
		{4F2D3EC9-A687-46C6-9F37-A848E78D20A0}.Release|Any CPU.ActiveCfg = Release|Any CPU
		{4F2D3EC9-A687-46C6-9F37-A848E78D20A0}.Release|Any CPU.Build.0 = Release|Any CPU
		{89D5D263-E802-43E1-A826-0524F979DDC5}.Debug|Any CPU.ActiveCfg = Debug|Any CPU
		{89D5D263-E802-43E1-A826-0524F979DDC5}.Debug|Any CPU.Build.0 = Debug|Any CPU
		{89D5D263-E802-43E1-A826-0524F979DDC5}.Release|Any CPU.ActiveCfg = Release|Any CPU
		{89D5D263-E802-43E1-A826-0524F979DDC5}.Release|Any CPU.Build.0 = Release|Any CPU
		{C00D297C-B657-4FC9-9137-4A64B4508850}.Debug|Any CPU.ActiveCfg = Debug|Any CPU
		{C00D297C-B657-4FC9-9137-4A64B4508850}.Debug|Any CPU.Build.0 = Debug|Any CPU
		{C00D297C-B657-4FC9-9137-4A64B4508850}.Release|Any CPU.ActiveCfg = Release|Any CPU
		{C00D297C-B657-4FC9-9137-4A64B4508850}.Release|Any CPU.Build.0 = Release|Any CPU
		{5830F440-F521-4761-8BF0-D148871E0157}.Debug|Any CPU.ActiveCfg = Debug|Any CPU
		{5830F440-F521-4761-8BF0-D148871E0157}.Debug|Any CPU.Build.0 = Debug|Any CPU
		{5830F440-F521-4761-8BF0-D148871E0157}.Release|Any CPU.ActiveCfg = Release|Any CPU
		{5830F440-F521-4761-8BF0-D148871E0157}.Release|Any CPU.Build.0 = Release|Any CPU
		{0FBD62EF-717B-41DD-BB5F-C8F1B89060E1}.Debug|Any CPU.ActiveCfg = Debug|Any CPU
		{0FBD62EF-717B-41DD-BB5F-C8F1B89060E1}.Debug|Any CPU.Build.0 = Debug|Any CPU
		{0FBD62EF-717B-41DD-BB5F-C8F1B89060E1}.Release|Any CPU.ActiveCfg = Release|Any CPU
		{0FBD62EF-717B-41DD-BB5F-C8F1B89060E1}.Release|Any CPU.Build.0 = Release|Any CPU
		{B5820080-EC28-4097-B7BA-68AF6B16370B}.Debug|Any CPU.ActiveCfg = Debug|Any CPU
		{B5820080-EC28-4097-B7BA-68AF6B16370B}.Debug|Any CPU.Build.0 = Debug|Any CPU
		{B5820080-EC28-4097-B7BA-68AF6B16370B}.Release|Any CPU.ActiveCfg = Release|Any CPU
		{B5820080-EC28-4097-B7BA-68AF6B16370B}.Release|Any CPU.Build.0 = Release|Any CPU
		{04466CA7-6AE6-4362-804B-0A0AEB1E0629}.Debug|Any CPU.ActiveCfg = Debug|Any CPU
		{04466CA7-6AE6-4362-804B-0A0AEB1E0629}.Debug|Any CPU.Build.0 = Debug|Any CPU
		{04466CA7-6AE6-4362-804B-0A0AEB1E0629}.Release|Any CPU.ActiveCfg = Release|Any CPU
		{04466CA7-6AE6-4362-804B-0A0AEB1E0629}.Release|Any CPU.Build.0 = Release|Any CPU
		{A6F46F4E-FCE6-49DC-8D1D-6E186CF29019}.Debug|Any CPU.ActiveCfg = Debug|Any CPU
		{A6F46F4E-FCE6-49DC-8D1D-6E186CF29019}.Debug|Any CPU.Build.0 = Debug|Any CPU
		{A6F46F4E-FCE6-49DC-8D1D-6E186CF29019}.Release|Any CPU.ActiveCfg = Release|Any CPU
		{A6F46F4E-FCE6-49DC-8D1D-6E186CF29019}.Release|Any CPU.Build.0 = Release|Any CPU
	EndGlobalSection
	GlobalSection(SolutionProperties) = preSolution
		HideSolutionNode = FALSE
	EndGlobalSection
	GlobalSection(NestedProjects) = preSolution
		{696924EE-FEC5-443B-9AE9-DC3E8EBB0F0A} = {8491E3C7-0ED9-4C8D-8179-EB25E3A2A9B9}
		{4F2D3EC9-A687-46C6-9F37-A848E78D20A0} = {D70FC638-62EE-49C8-890E-9BCC5C67780B}
		{89D5D263-E802-43E1-A826-0524F979DDC5} = {D70FC638-62EE-49C8-890E-9BCC5C67780B}
		{C00D297C-B657-4FC9-9137-4A64B4508850} = {CA6EEB0C-66AF-43E5-8FDF-97FD6ECF8F5D}
		{5830F440-F521-4761-8BF0-D148871E0157} = {CA6EEB0C-66AF-43E5-8FDF-97FD6ECF8F5D}
		{0FBD62EF-717B-41DD-BB5F-C8F1B89060E1} = {CA6EEB0C-66AF-43E5-8FDF-97FD6ECF8F5D}
		{B5820080-EC28-4097-B7BA-68AF6B16370B} = {CA6EEB0C-66AF-43E5-8FDF-97FD6ECF8F5D}
		{04466CA7-6AE6-4362-804B-0A0AEB1E0629} = {D70FC638-62EE-49C8-890E-9BCC5C67780B}
		{A6F46F4E-FCE6-49DC-8D1D-6E186CF29019} = {3438F3F8-1870-47BA-95FE-C1E5EB756D46}
	EndGlobalSection
	GlobalSection(ExtensibilityGlobals) = postSolution
		SolutionGuid = {2224EE99-F02E-4D63-AC5C-D026FD76F1BF}
	EndGlobalSection
EndGlobal
