
Microsoft Visual Studio Solution File, Format Version 12.00
# Visual Studio 15
VisualStudioVersion = 15.0.27004.2002
MinimumVisualStudioVersion = 10.0.40219.1
Project("{2150E333-8FDC-42A3-9474-1A3956D46DE8}") = "Solution Items", "Solution Items", "{5CD78C25-100E-41EA-BCA5-698FAEBCAC31}"
	ProjectSection(SolutionItems) = preProject
		.gitignore = .gitignore
		global.json = global.json
		LICENSE = LICENSE
		README.md = README.md
	EndProjectSection
EndProject
Project("{2150E333-8FDC-42A3-9474-1A3956D46DE8}") = "Hosts", "Hosts", "{0E593F42-52D6-444D-ABBA-445A3AB2ACDF}"
EndProject
Project("{2150E333-8FDC-42A3-9474-1A3956D46DE8}") = "Modules", "Modules", "{035F4A54-ADE7-4E35-AA21-B8E3F2D75633}"
EndProject
Project("{2150E333-8FDC-42A3-9474-1A3956D46DE8}") = "Framework", "Framework", "{1903C026-0F76-4E03-B8ED-C0AF0FB71886}"
EndProject
Project("{9A19103F-16F7-4668-BE54-9A1E7A4F7556}") = "BlogCore.Core", "src\Framework\BlogCore.Core\BlogCore.Core.csproj", "{A8C887F1-8A2F-48AE-8C9D-BEF3FA73BD57}"
EndProject
Project("{9A19103F-16F7-4668-BE54-9A1E7A4F7556}") = "BlogCore.Infrastructure", "src\Framework\BlogCore.Infrastructure\BlogCore.Infrastructure.csproj", "{67FF91DD-3F0E-4099-B28C-7EEFD19C797B}"
EndProject
Project("{9A19103F-16F7-4668-BE54-9A1E7A4F7556}") = "BlogCore.Infrastructure.AspNetCore", "src\Framework\BlogCore.Infrastructure.AspNetCore\BlogCore.Infrastructure.AspNetCore.csproj", "{BDE04ABF-F40C-4DC8-9F7A-8EDAAE32B133}"
EndProject
Project("{9A19103F-16F7-4668-BE54-9A1E7A4F7556}") = "BlogCore.Infrastructure.EfCore", "src\Framework\BlogCore.Infrastructure.EfCore\BlogCore.Infrastructure.EfCore.csproj", "{F50F5B9A-1D0F-47B6-B81B-15FD9245F721}"
EndProject
Project("{9A19103F-16F7-4668-BE54-9A1E7A4F7556}") = "BlogCore.Api", "src\Hosts\BlogCore.Api\BlogCore.Api.csproj", "{AD2EA508-492D-4345-9ECC-388B23F268A9}"
EndProject
Project("{2150E333-8FDC-42A3-9474-1A3956D46DE8}") = "Builds", "Builds", "{A36BE10F-48B4-4398-8464-489C97C41641}"
	ProjectSection(SolutionItems) = preProject
		builds\start.ps1 = builds\start.ps1
		builds\start_access_control_host.ps1 = builds\start_access_control_host.ps1
		builds\start_api_gateway_host.ps1 = builds\start_api_gateway_host.ps1
		builds\start_web.ps1 = builds\start_web.ps1
	EndProjectSection
EndProject
Project("{9A19103F-16F7-4668-BE54-9A1E7A4F7556}") = "BlogCore.Migrator", "src\Migrations\BlogCore.Migrator\BlogCore.Migrator.csproj", "{DA755108-266C-4E35-A97D-2CDD18F41F65}"
EndProject
Project("{2150E333-8FDC-42A3-9474-1A3956D46DE8}") = "Migrations", "Migrations", "{8822B07C-A30F-42F1-AD65-50375F8789CE}"
EndProject
Project("{9A19103F-16F7-4668-BE54-9A1E7A4F7556}") = "BlogCore.AccessControlContext.Migrator", "src\Migrations\BlogCore.AccessControlContext.Migrator\BlogCore.AccessControlContext.Migrator.csproj", "{E0EA2119-E302-4C0F-B5DB-1E671252FB29}"
EndProject
Project("{9A19103F-16F7-4668-BE54-9A1E7A4F7556}") = "BlogCore.BlogContext.Migrator", "src\Migrations\BlogCore.BlogContext.Migrator\BlogCore.BlogContext.Migrator.csproj", "{15CE9E19-FCCB-4F96-8064-2F5CEFB3E5EA}"
EndProject
Project("{9A19103F-16F7-4668-BE54-9A1E7A4F7556}") = "BlogCore.PostContext.Migrator", "src\Migrations\BlogCore.PostContext.Migrator\BlogCore.PostContext.Migrator.csproj", "{70F061AE-9ECD-42DE-A631-025BAFC91CF2}"
EndProject
Project("{FAE04EC0-301F-11D3-BF4B-00C04F79EFBC}") = "BlogCore.App", "src\Hosts\BlogCore.App\BlogCore.App.csproj", "{9489131F-27A3-4728-8DDF-E453A94B77C7}"
EndProject
Project("{2150E333-8FDC-42A3-9474-1A3956D46DE8}") = "PostContext", "PostContext", "{378B2FD6-ACB3-4E70-A4A4-5322171A4F5D}"
EndProject
Project("{FAE04EC0-301F-11D3-BF4B-00C04F79EFBC}") = "BlogCore.PostContext.Core", "src\Modules\PostContext\BlogCore.PostContext.Core\BlogCore.PostContext.Core.csproj", "{A641066E-0871-4D75-8B68-B596940F058F}"
EndProject
Project("{9A19103F-16F7-4668-BE54-9A1E7A4F7556}") = "BlogCore.PostContext", "src\Modules\PostContext\BlogCore.PostContext\BlogCore.PostContext.csproj", "{6D4513A6-5050-4B80-881C-A9CC22F33001}"
EndProject
Project("{2150E333-8FDC-42A3-9474-1A3956D46DE8}") = "AccessControlContext", "AccessControlContext", "{29E7AA14-CA5E-4EC8-936E-F93A19C999D6}"
EndProject
Project("{FAE04EC0-301F-11D3-BF4B-00C04F79EFBC}") = "BlogCore.AccessControlContext.Core", "src\Modules\AccessControlContext\BlogCore.AccessControlContext.Core\BlogCore.AccessControlContext.Core.csproj", "{C7697FC9-C1E4-4313-B3DB-15E2C57B1E96}"
EndProject
Project("{9A19103F-16F7-4668-BE54-9A1E7A4F7556}") = "BlogCore.AccessControlContext", "src\Modules\AccessControlContext\BlogCore.AccessControlContext\BlogCore.AccessControlContext.csproj", "{03BB5B0A-C153-4E33-93EE-7A85F6657673}"
EndProject
Project("{2150E333-8FDC-42A3-9474-1A3956D46DE8}") = "BlogContext", "BlogContext", "{EBB6689B-BDDD-4404-ADCA-599256DF75C6}"
EndProject
Project("{FAE04EC0-301F-11D3-BF4B-00C04F79EFBC}") = "BlogCore.BlogContext.Core", "src\Modules\BlogContext\BlogCore.BlogContext.Core\BlogCore.BlogContext.Core.csproj", "{F12F3091-A284-4154-80F7-15FE2524A470}"
EndProject
Project("{9A19103F-16F7-4668-BE54-9A1E7A4F7556}") = "BlogCore.BlogContext", "src\Modules\BlogContext\BlogCore.BlogContext\BlogCore.BlogContext.csproj", "{0BBB3809-ED36-4090-A9D8-6C1C0AF617BA}"
EndProject
Global
	GlobalSection(SolutionConfigurationPlatforms) = preSolution
		Debug|Any CPU = Debug|Any CPU
		Release|Any CPU = Release|Any CPU
	EndGlobalSection
	GlobalSection(ProjectConfigurationPlatforms) = postSolution
		{A8C887F1-8A2F-48AE-8C9D-BEF3FA73BD57}.Debug|Any CPU.ActiveCfg = Debug|Any CPU
		{A8C887F1-8A2F-48AE-8C9D-BEF3FA73BD57}.Debug|Any CPU.Build.0 = Debug|Any CPU
		{A8C887F1-8A2F-48AE-8C9D-BEF3FA73BD57}.Release|Any CPU.ActiveCfg = Release|Any CPU
		{A8C887F1-8A2F-48AE-8C9D-BEF3FA73BD57}.Release|Any CPU.Build.0 = Release|Any CPU
		{67FF91DD-3F0E-4099-B28C-7EEFD19C797B}.Debug|Any CPU.ActiveCfg = Debug|Any CPU
		{67FF91DD-3F0E-4099-B28C-7EEFD19C797B}.Debug|Any CPU.Build.0 = Debug|Any CPU
		{67FF91DD-3F0E-4099-B28C-7EEFD19C797B}.Release|Any CPU.ActiveCfg = Release|Any CPU
		{67FF91DD-3F0E-4099-B28C-7EEFD19C797B}.Release|Any CPU.Build.0 = Release|Any CPU
		{BDE04ABF-F40C-4DC8-9F7A-8EDAAE32B133}.Debug|Any CPU.ActiveCfg = Debug|Any CPU
		{BDE04ABF-F40C-4DC8-9F7A-8EDAAE32B133}.Debug|Any CPU.Build.0 = Debug|Any CPU
		{BDE04ABF-F40C-4DC8-9F7A-8EDAAE32B133}.Release|Any CPU.ActiveCfg = Release|Any CPU
		{BDE04ABF-F40C-4DC8-9F7A-8EDAAE32B133}.Release|Any CPU.Build.0 = Release|Any CPU
		{F50F5B9A-1D0F-47B6-B81B-15FD9245F721}.Debug|Any CPU.ActiveCfg = Debug|Any CPU
		{F50F5B9A-1D0F-47B6-B81B-15FD9245F721}.Debug|Any CPU.Build.0 = Debug|Any CPU
		{F50F5B9A-1D0F-47B6-B81B-15FD9245F721}.Release|Any CPU.ActiveCfg = Release|Any CPU
		{F50F5B9A-1D0F-47B6-B81B-15FD9245F721}.Release|Any CPU.Build.0 = Release|Any CPU
		{AD2EA508-492D-4345-9ECC-388B23F268A9}.Debug|Any CPU.ActiveCfg = Debug|Any CPU
		{AD2EA508-492D-4345-9ECC-388B23F268A9}.Debug|Any CPU.Build.0 = Debug|Any CPU
		{AD2EA508-492D-4345-9ECC-388B23F268A9}.Release|Any CPU.ActiveCfg = Release|Any CPU
		{AD2EA508-492D-4345-9ECC-388B23F268A9}.Release|Any CPU.Build.0 = Release|Any CPU
		{DA755108-266C-4E35-A97D-2CDD18F41F65}.Debug|Any CPU.ActiveCfg = Debug|Any CPU
		{DA755108-266C-4E35-A97D-2CDD18F41F65}.Debug|Any CPU.Build.0 = Debug|Any CPU
		{DA755108-266C-4E35-A97D-2CDD18F41F65}.Release|Any CPU.ActiveCfg = Release|Any CPU
		{DA755108-266C-4E35-A97D-2CDD18F41F65}.Release|Any CPU.Build.0 = Release|Any CPU
		{E0EA2119-E302-4C0F-B5DB-1E671252FB29}.Debug|Any CPU.ActiveCfg = Debug|Any CPU
		{E0EA2119-E302-4C0F-B5DB-1E671252FB29}.Debug|Any CPU.Build.0 = Debug|Any CPU
		{E0EA2119-E302-4C0F-B5DB-1E671252FB29}.Release|Any CPU.ActiveCfg = Release|Any CPU
		{E0EA2119-E302-4C0F-B5DB-1E671252FB29}.Release|Any CPU.Build.0 = Release|Any CPU
		{15CE9E19-FCCB-4F96-8064-2F5CEFB3E5EA}.Debug|Any CPU.ActiveCfg = Debug|Any CPU
		{15CE9E19-FCCB-4F96-8064-2F5CEFB3E5EA}.Debug|Any CPU.Build.0 = Debug|Any CPU
		{15CE9E19-FCCB-4F96-8064-2F5CEFB3E5EA}.Release|Any CPU.ActiveCfg = Release|Any CPU
		{15CE9E19-FCCB-4F96-8064-2F5CEFB3E5EA}.Release|Any CPU.Build.0 = Release|Any CPU
		{70F061AE-9ECD-42DE-A631-025BAFC91CF2}.Debug|Any CPU.ActiveCfg = Debug|Any CPU
		{70F061AE-9ECD-42DE-A631-025BAFC91CF2}.Debug|Any CPU.Build.0 = Debug|Any CPU
		{70F061AE-9ECD-42DE-A631-025BAFC91CF2}.Release|Any CPU.ActiveCfg = Release|Any CPU
		{70F061AE-9ECD-42DE-A631-025BAFC91CF2}.Release|Any CPU.Build.0 = Release|Any CPU
		{9489131F-27A3-4728-8DDF-E453A94B77C7}.Debug|Any CPU.ActiveCfg = Debug|Any CPU
		{9489131F-27A3-4728-8DDF-E453A94B77C7}.Debug|Any CPU.Build.0 = Debug|Any CPU
		{9489131F-27A3-4728-8DDF-E453A94B77C7}.Release|Any CPU.ActiveCfg = Release|Any CPU
		{9489131F-27A3-4728-8DDF-E453A94B77C7}.Release|Any CPU.Build.0 = Release|Any CPU
		{A641066E-0871-4D75-8B68-B596940F058F}.Debug|Any CPU.ActiveCfg = Debug|Any CPU
		{A641066E-0871-4D75-8B68-B596940F058F}.Debug|Any CPU.Build.0 = Debug|Any CPU
		{A641066E-0871-4D75-8B68-B596940F058F}.Release|Any CPU.ActiveCfg = Release|Any CPU
		{A641066E-0871-4D75-8B68-B596940F058F}.Release|Any CPU.Build.0 = Release|Any CPU
		{6D4513A6-5050-4B80-881C-A9CC22F33001}.Debug|Any CPU.ActiveCfg = Debug|Any CPU
		{6D4513A6-5050-4B80-881C-A9CC22F33001}.Debug|Any CPU.Build.0 = Debug|Any CPU
		{6D4513A6-5050-4B80-881C-A9CC22F33001}.Release|Any CPU.ActiveCfg = Release|Any CPU
		{6D4513A6-5050-4B80-881C-A9CC22F33001}.Release|Any CPU.Build.0 = Release|Any CPU
		{C7697FC9-C1E4-4313-B3DB-15E2C57B1E96}.Debug|Any CPU.ActiveCfg = Debug|Any CPU
		{C7697FC9-C1E4-4313-B3DB-15E2C57B1E96}.Debug|Any CPU.Build.0 = Debug|Any CPU
		{C7697FC9-C1E4-4313-B3DB-15E2C57B1E96}.Release|Any CPU.ActiveCfg = Release|Any CPU
		{C7697FC9-C1E4-4313-B3DB-15E2C57B1E96}.Release|Any CPU.Build.0 = Release|Any CPU
		{03BB5B0A-C153-4E33-93EE-7A85F6657673}.Debug|Any CPU.ActiveCfg = Debug|Any CPU
		{03BB5B0A-C153-4E33-93EE-7A85F6657673}.Debug|Any CPU.Build.0 = Debug|Any CPU
		{03BB5B0A-C153-4E33-93EE-7A85F6657673}.Release|Any CPU.ActiveCfg = Release|Any CPU
		{03BB5B0A-C153-4E33-93EE-7A85F6657673}.Release|Any CPU.Build.0 = Release|Any CPU
		{F12F3091-A284-4154-80F7-15FE2524A470}.Debug|Any CPU.ActiveCfg = Debug|Any CPU
		{F12F3091-A284-4154-80F7-15FE2524A470}.Debug|Any CPU.Build.0 = Debug|Any CPU
		{F12F3091-A284-4154-80F7-15FE2524A470}.Release|Any CPU.ActiveCfg = Release|Any CPU
		{F12F3091-A284-4154-80F7-15FE2524A470}.Release|Any CPU.Build.0 = Release|Any CPU
		{0BBB3809-ED36-4090-A9D8-6C1C0AF617BA}.Debug|Any CPU.ActiveCfg = Debug|Any CPU
		{0BBB3809-ED36-4090-A9D8-6C1C0AF617BA}.Debug|Any CPU.Build.0 = Debug|Any CPU
		{0BBB3809-ED36-4090-A9D8-6C1C0AF617BA}.Release|Any CPU.ActiveCfg = Release|Any CPU
		{0BBB3809-ED36-4090-A9D8-6C1C0AF617BA}.Release|Any CPU.Build.0 = Release|Any CPU
	EndGlobalSection
	GlobalSection(SolutionProperties) = preSolution
		HideSolutionNode = FALSE
	EndGlobalSection
	GlobalSection(NestedProjects) = preSolution
		{A8C887F1-8A2F-48AE-8C9D-BEF3FA73BD57} = {1903C026-0F76-4E03-B8ED-C0AF0FB71886}
		{67FF91DD-3F0E-4099-B28C-7EEFD19C797B} = {1903C026-0F76-4E03-B8ED-C0AF0FB71886}
		{BDE04ABF-F40C-4DC8-9F7A-8EDAAE32B133} = {1903C026-0F76-4E03-B8ED-C0AF0FB71886}
		{F50F5B9A-1D0F-47B6-B81B-15FD9245F721} = {1903C026-0F76-4E03-B8ED-C0AF0FB71886}
		{AD2EA508-492D-4345-9ECC-388B23F268A9} = {0E593F42-52D6-444D-ABBA-445A3AB2ACDF}
		{DA755108-266C-4E35-A97D-2CDD18F41F65} = {8822B07C-A30F-42F1-AD65-50375F8789CE}
		{E0EA2119-E302-4C0F-B5DB-1E671252FB29} = {8822B07C-A30F-42F1-AD65-50375F8789CE}
		{15CE9E19-FCCB-4F96-8064-2F5CEFB3E5EA} = {8822B07C-A30F-42F1-AD65-50375F8789CE}
		{70F061AE-9ECD-42DE-A631-025BAFC91CF2} = {8822B07C-A30F-42F1-AD65-50375F8789CE}
		{9489131F-27A3-4728-8DDF-E453A94B77C7} = {0E593F42-52D6-444D-ABBA-445A3AB2ACDF}
		{378B2FD6-ACB3-4E70-A4A4-5322171A4F5D} = {035F4A54-ADE7-4E35-AA21-B8E3F2D75633}
		{A641066E-0871-4D75-8B68-B596940F058F} = {378B2FD6-ACB3-4E70-A4A4-5322171A4F5D}
		{6D4513A6-5050-4B80-881C-A9CC22F33001} = {378B2FD6-ACB3-4E70-A4A4-5322171A4F5D}
		{29E7AA14-CA5E-4EC8-936E-F93A19C999D6} = {035F4A54-ADE7-4E35-AA21-B8E3F2D75633}
		{C7697FC9-C1E4-4313-B3DB-15E2C57B1E96} = {29E7AA14-CA5E-4EC8-936E-F93A19C999D6}
		{03BB5B0A-C153-4E33-93EE-7A85F6657673} = {29E7AA14-CA5E-4EC8-936E-F93A19C999D6}
		{EBB6689B-BDDD-4404-ADCA-599256DF75C6} = {035F4A54-ADE7-4E35-AA21-B8E3F2D75633}
		{F12F3091-A284-4154-80F7-15FE2524A470} = {EBB6689B-BDDD-4404-ADCA-599256DF75C6}
		{0BBB3809-ED36-4090-A9D8-6C1C0AF617BA} = {EBB6689B-BDDD-4404-ADCA-599256DF75C6}
	EndGlobalSection
	GlobalSection(ExtensibilityGlobals) = postSolution
		SolutionGuid = {E58AA11F-C019-4C7A-93A4-90A50837B764}
	EndGlobalSection
EndGlobal
